// !$*UTF8*$!
{
	archiveVersion = 1;
	classes = {
	};
	objectVersion = 56;
	objects = {

/* Begin PBXBuildFile section */
		D5A5AC2029F2A42F00C78697 /* Keep_NoteApp.swift in Sources */ = {isa = PBXBuildFile; fileRef = D5A5AC1F29F2A42F00C78697 /* Keep_NoteApp.swift */; };
		D5A5AC2229F2A42F00C78697 /* ContentView.swift in Sources */ = {isa = PBXBuildFile; fileRef = D5A5AC2129F2A42F00C78697 /* ContentView.swift */; };
		D5A5AC2429F2A43200C78697 /* Assets.xcassets in Resources */ = {isa = PBXBuildFile; fileRef = D5A5AC2329F2A43200C78697 /* Assets.xcassets */; };
		D5A5AC2729F2A43200C78697 /* Preview Assets.xcassets in Resources */ = {isa = PBXBuildFile; fileRef = D5A5AC2629F2A43200C78697 /* Preview Assets.xcassets */; };
		D5A5AC2929F2A43200C78697 /* Persistence.swift in Sources */ = {isa = PBXBuildFile; fileRef = D5A5AC2829F2A43200C78697 /* Persistence.swift */; };
		D5A5AC2C29F2A43200C78697 /* Keep_Note.xcdatamodeld in Sources */ = {isa = PBXBuildFile; fileRef = D5A5AC2A29F2A43200C78697 /* Keep_Note.xcdatamodeld */; };
		D5A5AC3729F2A43300C78697 /* Keep_NoteTests.swift in Sources */ = {isa = PBXBuildFile; fileRef = D5A5AC3629F2A43300C78697 /* Keep_NoteTests.swift */; };
		D5A5AC4129F2A43300C78697 /* Keep_NoteUITests.swift in Sources */ = {isa = PBXBuildFile; fileRef = D5A5AC4029F2A43300C78697 /* Keep_NoteUITests.swift */; };
		D5A5AC4329F2A43300C78697 /* Keep_NoteUITestsLaunchTests.swift in Sources */ = {isa = PBXBuildFile; fileRef = D5A5AC4229F2A43300C78697 /* Keep_NoteUITestsLaunchTests.swift */; };
/* End PBXBuildFile section */

/* Begin PBXContainerItemProxy section */
		D5A5AC3329F2A43300C78697 /* PBXContainerItemProxy */ = {
			isa = PBXContainerItemProxy;
			containerPortal = D5A5AC1429F2A42F00C78697 /* Project object */;
			proxyType = 1;
			remoteGlobalIDString = D5A5AC1B29F2A42F00C78697;
			remoteInfo = "Keep Note";
		};
		D5A5AC3D29F2A43300C78697 /* PBXContainerItemProxy */ = {
			isa = PBXContainerItemProxy;
			containerPortal = D5A5AC1429F2A42F00C78697 /* Project object */;
			proxyType = 1;
			remoteGlobalIDString = D5A5AC1B29F2A42F00C78697;
			remoteInfo = "Keep Note";
		};
/* End PBXContainerItemProxy section */

/* Begin PBXFileReference section */
		D5A5AC1C29F2A42F00C78697 /* Keep Note.app */ = {isa = PBXFileReference; explicitFileType = wrapper.application; includeInIndex = 0; path = "Keep Note.app"; sourceTree = BUILT_PRODUCTS_DIR; };
		D5A5AC1F29F2A42F00C78697 /* Keep_NoteApp.swift */ = {isa = PBXFileReference; lastKnownFileType = sourcecode.swift; path = Keep_NoteApp.swift; sourceTree = "<group>"; };
		D5A5AC2129F2A42F00C78697 /* ContentView.swift */ = {isa = PBXFileReference; lastKnownFileType = sourcecode.swift; path = ContentView.swift; sourceTree = "<group>"; };
		D5A5AC2329F2A43200C78697 /* Assets.xcassets */ = {isa = PBXFileReference; lastKnownFileType = folder.assetcatalog; path = Assets.xcassets; sourceTree = "<group>"; };
		D5A5AC2629F2A43200C78697 /* Preview Assets.xcassets */ = {isa = PBXFileReference; lastKnownFileType = folder.assetcatalog; path = "Preview Assets.xcassets"; sourceTree = "<group>"; };
		D5A5AC2829F2A43200C78697 /* Persistence.swift */ = {isa = PBXFileReference; lastKnownFileType = sourcecode.swift; path = Persistence.swift; sourceTree = "<group>"; };
		D5A5AC2B29F2A43200C78697 /* Keep_Note.xcdatamodel */ = {isa = PBXFileReference; lastKnownFileType = wrapper.xcdatamodel; path = Keep_Note.xcdatamodel; sourceTree = "<group>"; };
		D5A5AC2D29F2A43200C78697 /* Info.plist */ = {isa = PBXFileReference; lastKnownFileType = text.plist.xml; path = Info.plist; sourceTree = "<group>"; };
		D5A5AC3229F2A43300C78697 /* Keep NoteTests.xctest */ = {isa = PBXFileReference; explicitFileType = wrapper.cfbundle; includeInIndex = 0; path = "Keep NoteTests.xctest"; sourceTree = BUILT_PRODUCTS_DIR; };
		D5A5AC3629F2A43300C78697 /* Keep_NoteTests.swift */ = {isa = PBXFileReference; lastKnownFileType = sourcecode.swift; path = Keep_NoteTests.swift; sourceTree = "<group>"; };
		D5A5AC3C29F2A43300C78697 /* Keep NoteUITests.xctest */ = {isa = PBXFileReference; explicitFileType = wrapper.cfbundle; includeInIndex = 0; path = "Keep NoteUITests.xctest"; sourceTree = BUILT_PRODUCTS_DIR; };
		D5A5AC4029F2A43300C78697 /* Keep_NoteUITests.swift */ = {isa = PBXFileReference; lastKnownFileType = sourcecode.swift; path = Keep_NoteUITests.swift; sourceTree = "<group>"; };
		D5A5AC4229F2A43300C78697 /* Keep_NoteUITestsLaunchTests.swift */ = {isa = PBXFileReference; lastKnownFileType = sourcecode.swift; path = Keep_NoteUITestsLaunchTests.swift; sourceTree = "<group>"; };
/* End PBXFileReference section */

/* Begin PBXFrameworksBuildPhase section */
		D5A5AC1929F2A42F00C78697 /* Frameworks */ = {
			isa = PBXFrameworksBuildPhase;
			buildActionMask = 2147483647;
			files = (
			);
			runOnlyForDeploymentPostprocessing = 0;
		};
		D5A5AC2F29F2A43300C78697 /* Frameworks */ = {
			isa = PBXFrameworksBuildPhase;
			buildActionMask = 2147483647;
			files = (
			);
			runOnlyForDeploymentPostprocessing = 0;
		};
		D5A5AC3929F2A43300C78697 /* Frameworks */ = {
			isa = PBXFrameworksBuildPhase;
			buildActionMask = 2147483647;
			files = (
			);
			runOnlyForDeploymentPostprocessing = 0;
		};
/* End PBXFrameworksBuildPhase section */

/* Begin PBXGroup section */
		D5A5AC1329F2A42F00C78697 = {
			isa = PBXGroup;
			children = (
				D5A5AC1E29F2A42F00C78697 /* Keep Note */,
				D5A5AC3529F2A43300C78697 /* Keep NoteTests */,
				D5A5AC3F29F2A43300C78697 /* Keep NoteUITests */,
				D5A5AC1D29F2A42F00C78697 /* Products */,
			);
			sourceTree = "<group>";
		};
		D5A5AC1D29F2A42F00C78697 /* Products */ = {
			isa = PBXGroup;
			children = (
				D5A5AC1C29F2A42F00C78697 /* Keep Note.app */,
				D5A5AC3229F2A43300C78697 /* Keep NoteTests.xctest */,
				D5A5AC3C29F2A43300C78697 /* Keep NoteUITests.xctest */,
			);
			name = Products;
			sourceTree = "<group>";
		};
		D5A5AC1E29F2A42F00C78697 /* Keep Note */ = {
			isa = PBXGroup;
			children = (
				D5A5AC1F29F2A42F00C78697 /* Keep_NoteApp.swift */,
				D5A5AC2129F2A42F00C78697 /* ContentView.swift */,
				D5A5AC2329F2A43200C78697 /* Assets.xcassets */,
				D5A5AC2829F2A43200C78697 /* Persistence.swift */,
				D5A5AC2D29F2A43200C78697 /* Info.plist */,
				D5A5AC2A29F2A43200C78697 /* Keep_Note.xcdatamodeld */,
				D5A5AC2529F2A43200C78697 /* Preview Content */,
			);
			path = "Keep Note";
			sourceTree = "<group>";
		};
		D5A5AC2529F2A43200C78697 /* Preview Content */ = {
			isa = PBXGroup;
			children = (
				D5A5AC2629F2A43200C78697 /* Preview Assets.xcassets */,
			);
			path = "Preview Content";
			sourceTree = "<group>";
		};
		D5A5AC3529F2A43300C78697 /* Keep NoteTests */ = {
			isa = PBXGroup;
			children = (
				D5A5AC3629F2A43300C78697 /* Keep_NoteTests.swift */,
			);
			path = "Keep NoteTests";
			sourceTree = "<group>";
		};
		D5A5AC3F29F2A43300C78697 /* Keep NoteUITests */ = {
			isa = PBXGroup;
			children = (
				D5A5AC4029F2A43300C78697 /* Keep_NoteUITests.swift */,
				D5A5AC4229F2A43300C78697 /* Keep_NoteUITestsLaunchTests.swift */,
			);
			path = "Keep NoteUITests";
			sourceTree = "<group>";
		};
/* End PBXGroup section */

/* Begin PBXNativeTarget section */
		D5A5AC1B29F2A42F00C78697 /* Keep Note */ = {
			isa = PBXNativeTarget;
			buildConfigurationList = D5A5AC4629F2A43300C78697 /* Build configuration list for PBXNativeTarget "Keep Note" */;
			buildPhases = (
				D5A5AC1829F2A42F00C78697 /* Sources */,
				D5A5AC1929F2A42F00C78697 /* Frameworks */,
				D5A5AC1A29F2A42F00C78697 /* Resources */,
			);
			buildRules = (
			);
			dependencies = (
			);
			name = "Keep Note";
			productName = "Keep Note";
			productReference = D5A5AC1C29F2A42F00C78697 /* Keep Note.app */;
			productType = "com.apple.product-type.application";
		};
		D5A5AC3129F2A43300C78697 /* Keep NoteTests */ = {
			isa = PBXNativeTarget;
			buildConfigurationList = D5A5AC4929F2A43300C78697 /* Build configuration list for PBXNativeTarget "Keep NoteTests" */;
			buildPhases = (
				D5A5AC2E29F2A43300C78697 /* Sources */,
				D5A5AC2F29F2A43300C78697 /* Frameworks */,
				D5A5AC3029F2A43300C78697 /* Resources */,
			);
			buildRules = (
			);
			dependencies = (
				D5A5AC3429F2A43300C78697 /* PBXTargetDependency */,
			);
			name = "Keep NoteTests";
			productName = "Keep NoteTests";
			productReference = D5A5AC3229F2A43300C78697 /* Keep NoteTests.xctest */;
			productType = "com.apple.product-type.bundle.unit-test";
		};
		D5A5AC3B29F2A43300C78697 /* Keep NoteUITests */ = {
			isa = PBXNativeTarget;
			buildConfigurationList = D5A5AC4C29F2A43300C78697 /* Build configuration list for PBXNativeTarget "Keep NoteUITests" */;
			buildPhases = (
				D5A5AC3829F2A43300C78697 /* Sources */,
				D5A5AC3929F2A43300C78697 /* Frameworks */,
				D5A5AC3A29F2A43300C78697 /* Resources */,
			);
			buildRules = (
			);
			dependencies = (
				D5A5AC3E29F2A43300C78697 /* PBXTargetDependency */,
			);
			name = "Keep NoteUITests";
			productName = "Keep NoteUITests";
			productReference = D5A5AC3C29F2A43300C78697 /* Keep NoteUITests.xctest */;
			productType = "com.apple.product-type.bundle.ui-testing";
		};
/* End PBXNativeTarget section */

/* Begin PBXProject section */
		D5A5AC1429F2A42F00C78697 /* Project object */ = {
			isa = PBXProject;
			attributes = {
				BuildIndependentTargetsInParallel = 1;
				LastSwiftUpdateCheck = 1420;
				LastUpgradeCheck = 1420;
				TargetAttributes = {
					D5A5AC1B29F2A42F00C78697 = {
						CreatedOnToolsVersion = 14.2;
					};
					D5A5AC3129F2A43300C78697 = {
						CreatedOnToolsVersion = 14.2;
						TestTargetID = D5A5AC1B29F2A42F00C78697;
					};
					D5A5AC3B29F2A43300C78697 = {
						CreatedOnToolsVersion = 14.2;
						TestTargetID = D5A5AC1B29F2A42F00C78697;
					};
				};
			};
			buildConfigurationList = D5A5AC1729F2A42F00C78697 /* Build configuration list for PBXProject "Keep Note" */;
			compatibilityVersion = "Xcode 14.0";
			developmentRegion = en;
			hasScannedForEncodings = 0;
			knownRegions = (
				en,
				Base,
			);
			mainGroup = D5A5AC1329F2A42F00C78697;
			productRefGroup = D5A5AC1D29F2A42F00C78697 /* Products */;
			projectDirPath = "";
			projectRoot = "";
			targets = (
				D5A5AC1B29F2A42F00C78697 /* Keep Note */,
				D5A5AC3129F2A43300C78697 /* Keep NoteTests */,
				D5A5AC3B29F2A43300C78697 /* Keep NoteUITests */,
			);
		};
/* End PBXProject section */

/* Begin PBXResourcesBuildPhase section */
		D5A5AC1A29F2A42F00C78697 /* Resources */ = {
			isa = PBXResourcesBuildPhase;
			buildActionMask = 2147483647;
			files = (
				D5A5AC2729F2A43200C78697 /* Preview Assets.xcassets in Resources */,
				D5A5AC2429F2A43200C78697 /* Assets.xcassets in Resources */,
			);
			runOnlyForDeploymentPostprocessing = 0;
		};
		D5A5AC3029F2A43300C78697 /* Resources */ = {
			isa = PBXResourcesBuildPhase;
			buildActionMask = 2147483647;
			files = (
			);
			runOnlyForDeploymentPostprocessing = 0;
		};
		D5A5AC3A29F2A43300C78697 /* Resources */ = {
			isa = PBXResourcesBuildPhase;
			buildActionMask = 2147483647;
			files = (
			);
			runOnlyForDeploymentPostprocessing = 0;
		};
/* End PBXResourcesBuildPhase section */

/* Begin PBXSourcesBuildPhase section */
		D5A5AC1829F2A42F00C78697 /* Sources */ = {
			isa = PBXSourcesBuildPhase;
			buildActionMask = 2147483647;
			files = (
				D5A5AC2C29F2A43200C78697 /* Keep_Note.xcdatamodeld in Sources */,
				D5A5AC2929F2A43200C78697 /* Persistence.swift in Sources */,
				D5A5AC2229F2A42F00C78697 /* ContentView.swift in Sources */,
				D5A5AC2029F2A42F00C78697 /* Keep_NoteApp.swift in Sources */,
			);
			runOnlyForDeploymentPostprocessing = 0;
		};
		D5A5AC2E29F2A43300C78697 /* Sources */ = {
			isa = PBXSourcesBuildPhase;
			buildActionMask = 2147483647;
			files = (
				D5A5AC3729F2A43300C78697 /* Keep_NoteTests.swift in Sources */,
			);
			runOnlyForDeploymentPostprocessing = 0;
		};
		D5A5AC3829F2A43300C78697 /* Sources */ = {
			isa = PBXSourcesBuildPhase;
			buildActionMask = 2147483647;
			files = (
				D5A5AC4129F2A43300C78697 /* Keep_NoteUITests.swift in Sources */,
				D5A5AC4329F2A43300C78697 /* Keep_NoteUITestsLaunchTests.swift in Sources */,
			);
			runOnlyForDeploymentPostprocessing = 0;
		};
/* End PBXSourcesBuildPhase section */

/* Begin PBXTargetDependency section */
		D5A5AC3429F2A43300C78697 /* PBXTargetDependency */ = {
			isa = PBXTargetDependency;
			target = D5A5AC1B29F2A42F00C78697 /* Keep Note */;
			targetProxy = D5A5AC3329F2A43300C78697 /* PBXContainerItemProxy */;
		};
		D5A5AC3E29F2A43300C78697 /* PBXTargetDependency */ = {
			isa = PBXTargetDependency;
			target = D5A5AC1B29F2A42F00C78697 /* Keep Note */;
			targetProxy = D5A5AC3D29F2A43300C78697 /* PBXContainerItemProxy */;
		};
/* End PBXTargetDependency section */

/* Begin XCBuildConfiguration section */
		D5A5AC4429F2A43300C78697 /* Debug */ = {
			isa = XCBuildConfiguration;
			buildSettings = {
				ALWAYS_SEARCH_USER_PATHS = NO;
				CLANG_ANALYZER_NONNULL = YES;
				CLANG_ANALYZER_NUMBER_OBJECT_CONVERSION = YES_AGGRESSIVE;
				CLANG_CXX_LANGUAGE_STANDARD = "gnu++20";
				CLANG_ENABLE_MODULES = YES;
				CLANG_ENABLE_OBJC_ARC = YES;
				CLANG_ENABLE_OBJC_WEAK = YES;
				CLANG_WARN_BLOCK_CAPTURE_AUTORELEASING = YES;
				CLANG_WARN_BOOL_CONVERSION = YES;
				CLANG_WARN_COMMA = YES;
				CLANG_WARN_CONSTANT_CONVERSION = YES;
				CLANG_WARN_DEPRECATED_OBJC_IMPLEMENTATIONS = YES;
				CLANG_WARN_DIRECT_OBJC_ISA_USAGE = YES_ERROR;
				CLANG_WARN_DOCUMENTATION_COMMENTS = YES;
				CLANG_WARN_EMPTY_BODY = YES;
				CLANG_WARN_ENUM_CONVERSION = YES;
				CLANG_WARN_INFINITE_RECURSION = YES;
				CLANG_WARN_INT_CONVERSION = YES;
				CLANG_WARN_NON_LITERAL_NULL_CONVERSION = YES;
				CLANG_WARN_OBJC_IMPLICIT_RETAIN_SELF = YES;
				CLANG_WARN_OBJC_LITERAL_CONVERSION = YES;
				CLANG_WARN_OBJC_ROOT_CLASS = YES_ERROR;
				CLANG_WARN_QUOTED_INCLUDE_IN_FRAMEWORK_HEADER = YES;
				CLANG_WARN_RANGE_LOOP_ANALYSIS = YES;
				CLANG_WARN_STRICT_PROTOTYPES = YES;
				CLANG_WARN_SUSPICIOUS_MOVE = YES;
				CLANG_WARN_UNGUARDED_AVAILABILITY = YES_AGGRESSIVE;
				CLANG_WARN_UNREACHABLE_CODE = YES;
				CLANG_WARN__DUPLICATE_METHOD_MATCH = YES;
				COPY_PHASE_STRIP = NO;
				DEBUG_INFORMATION_FORMAT = dwarf;
				ENABLE_STRICT_OBJC_MSGSEND = YES;
				ENABLE_TESTABILITY = YES;
				GCC_C_LANGUAGE_STANDARD = gnu11;
				GCC_DYNAMIC_NO_PIC = NO;
				GCC_NO_COMMON_BLOCKS = YES;
				GCC_OPTIMIZATION_LEVEL = 0;
				GCC_PREPROCESSOR_DEFINITIONS = (
					"DEBUG=1",
					"$(inherited)",
				);
				GCC_WARN_64_TO_32_BIT_CONVERSION = YES;
				GCC_WARN_ABOUT_RETURN_TYPE = YES_ERROR;
				GCC_WARN_UNDECLARED_SELECTOR = YES;
				GCC_WARN_UNINITIALIZED_AUTOS = YES_AGGRESSIVE;
				GCC_WARN_UNUSED_FUNCTION = YES;
				GCC_WARN_UNUSED_VARIABLE = YES;
				IPHONEOS_DEPLOYMENT_TARGET = 16.2;
				MTL_ENABLE_DEBUG_INFO = INCLUDE_SOURCE;
				MTL_FAST_MATH = YES;
				ONLY_ACTIVE_ARCH = YES;
				SDKROOT = iphoneos;
				SWIFT_ACTIVE_COMPILATION_CONDITIONS = DEBUG;
				SWIFT_OPTIMIZATION_LEVEL = "-Onone";
			};
			name = Debug;
		};
		D5A5AC4529F2A43300C78697 /* Release */ = {
			isa = XCBuildConfiguration;
			buildSettings = {
				ALWAYS_SEARCH_USER_PATHS = NO;
				CLANG_ANALYZER_NONNULL = YES;
				CLANG_ANALYZER_NUMBER_OBJECT_CONVERSION = YES_AGGRESSIVE;
				CLANG_CXX_LANGUAGE_STANDARD = "gnu++20";
				CLANG_ENABLE_MODULES = YES;
				CLANG_ENABLE_OBJC_ARC = YES;
				CLANG_ENABLE_OBJC_WEAK = YES;
				CLANG_WARN_BLOCK_CAPTURE_AUTORELEASING = YES;
				CLANG_WARN_BOOL_CONVERSION = YES;
				CLANG_WARN_COMMA = YES;
				CLANG_WARN_CONSTANT_CONVERSION = YES;
				CLANG_WARN_DEPRECATED_OBJC_IMPLEMENTATIONS = YES;
				CLANG_WARN_DIRECT_OBJC_ISA_USAGE = YES_ERROR;
				CLANG_WARN_DOCUMENTATION_COMMENTS = YES;
				CLANG_WARN_EMPTY_BODY = YES;
				CLANG_WARN_ENUM_CONVERSION = YES;
				CLANG_WARN_INFINITE_RECURSION = YES;
				CLANG_WARN_INT_CONVERSION = YES;
				CLANG_WARN_NON_LITERAL_NULL_CONVERSION = YES;
				CLANG_WARN_OBJC_IMPLICIT_RETAIN_SELF = YES;
				CLANG_WARN_OBJC_LITERAL_CONVERSION = YES;
				CLANG_WARN_OBJC_ROOT_CLASS = YES_ERROR;
				CLANG_WARN_QUOTED_INCLUDE_IN_FRAMEWORK_HEADER = YES;
				CLANG_WARN_RANGE_LOOP_ANALYSIS = YES;
				CLANG_WARN_STRICT_PROTOTYPES = YES;
				CLANG_WARN_SUSPICIOUS_MOVE = YES;
				CLANG_WARN_UNGUARDED_AVAILABILITY = YES_AGGRESSIVE;
				CLANG_WARN_UNREACHABLE_CODE = YES;
				CLANG_WARN__DUPLICATE_METHOD_MATCH = YES;
				COPY_PHASE_STRIP = NO;
				DEBUG_INFORMATION_FORMAT = "dwarf-with-dsym";
				ENABLE_NS_ASSERTIONS = NO;
				ENABLE_STRICT_OBJC_MSGSEND = YES;
				GCC_C_LANGUAGE_STANDARD = gnu11;
				GCC_NO_COMMON_BLOCKS = YES;
				GCC_WARN_64_TO_32_BIT_CONVERSION = YES;
				GCC_WARN_ABOUT_RETURN_TYPE = YES_ERROR;
				GCC_WARN_UNDECLARED_SELECTOR = YES;
				GCC_WARN_UNINITIALIZED_AUTOS = YES_AGGRESSIVE;
				GCC_WARN_UNUSED_FUNCTION = YES;
				GCC_WARN_UNUSED_VARIABLE = YES;
				IPHONEOS_DEPLOYMENT_TARGET = 16.2;
				MTL_ENABLE_DEBUG_INFO = NO;
				MTL_FAST_MATH = YES;
				SDKROOT = iphoneos;
				SWIFT_COMPILATION_MODE = wholemodule;
				SWIFT_OPTIMIZATION_LEVEL = "-O";
				VALIDATE_PRODUCT = YES;
			};
			name = Release;
		};
		D5A5AC4729F2A43300C78697 /* Debug */ = {
			isa = XCBuildConfiguration;
			buildSettings = {
				ASSETCATALOG_COMPILER_APPICON_NAME = AppIcon;
				ASSETCATALOG_COMPILER_GLOBAL_ACCENT_COLOR_NAME = AccentColor;
				CODE_SIGN_STYLE = Automatic;
				CURRENT_PROJECT_VERSION = 1;
				DEVELOPMENT_ASSET_PATHS = "\"Keep Note/Preview Content\"";
				DEVELOPMENT_TEAM = 86F8CY62G9;
				ENABLE_PREVIEWS = YES;
				GENERATE_INFOPLIST_FILE = YES;
				INFOPLIST_KEY_UIApplicationSceneManifest_Generation = YES;
				INFOPLIST_KEY_UIApplicationSupportsIndirectInputEvents = YES;
				INFOPLIST_KEY_UILaunchScreen_Generation = YES;
				INFOPLIST_KEY_UISupportedInterfaceOrientations_iPad = "UIInterfaceOrientationPortrait UIInterfaceOrientationPortraitUpsideDown UIInterfaceOrientationLandscapeLeft UIInterfaceOrientationLandscapeRight";
				INFOPLIST_KEY_UISupportedInterfaceOrientations_iPhone = "UIInterfaceOrientationPortrait UIInterfaceOrientationLandscapeLeft UIInterfaceOrientationLandscapeRight";
				LD_RUNPATH_SEARCH_PATHS = (
					"$(inherited)",
					"@executable_path/Frameworks",
				);
				MARKETING_VERSION = 1.0;
				PRODUCT_BUNDLE_IDENTIFIER = "com.Keep-Note";
				PRODUCT_NAME = "$(TARGET_NAME)";
				SWIFT_EMIT_LOC_STRINGS = YES;
				SWIFT_VERSION = 5.0;
				TARGETED_DEVICE_FAMILY = "1,2";
			};
			name = Debug;
		};
		D5A5AC4829F2A43300C78697 /* Release */ = {
			isa = XCBuildConfiguration;
			buildSettings = {
				ASSETCATALOG_COMPILER_APPICON_NAME = AppIcon;
				ASSETCATALOG_COMPILER_GLOBAL_ACCENT_COLOR_NAME = AccentColor;
				CODE_SIGN_STYLE = Automatic;
				CURRENT_PROJECT_VERSION = 1;
				DEVELOPMENT_ASSET_PATHS = "\"Keep Note/Preview Content\"";
				DEVELOPMENT_TEAM = 86F8CY62G9;
				ENABLE_PREVIEWS = YES;
				GENERATE_INFOPLIST_FILE = YES;
				INFOPLIST_KEY_UIApplicationSceneManifest_Generation = YES;
				INFOPLIST_KEY_UIApplicationSupportsIndirectInputEvents = YES;
				INFOPLIST_KEY_UILaunchScreen_Generation = YES;
				INFOPLIST_KEY_UISupportedInterfaceOrientations_iPad = "UIInterfaceOrientationPortrait UIInterfaceOrientationPortraitUpsideDown UIInterfaceOrientationLandscapeLeft UIInterfaceOrientationLandscapeRight";
				INFOPLIST_KEY_UISupportedInterfaceOrientations_iPhone = "UIInterfaceOrientationPortrait UIInterfaceOrientationLandscapeLeft UIInterfaceOrientationLandscapeRight";
				LD_RUNPATH_SEARCH_PATHS = (
					"$(inherited)",
					"@executable_path/Frameworks",
				);
				MARKETING_VERSION = 1.0;
				PRODUCT_BUNDLE_IDENTIFIER = "com.Keep-Note";
				PRODUCT_NAME = "$(TARGET_NAME)";
				SWIFT_EMIT_LOC_STRINGS = YES;
				SWIFT_VERSION = 5.0;
				TARGETED_DEVICE_FAMILY = "1,2";
			};
			name = Release;
		};
		D5A5AC4A29F2A43300C78697 /* Debug */ = {
			isa = XCBuildConfiguration;
			buildSettings = {
				ALWAYS_EMBED_SWIFT_STANDARD_LIBRARIES = YES;
				BUNDLE_LOADER = "$(TEST_HOST)";
				CODE_SIGN_STYLE = Automatic;
				CURRENT_PROJECT_VERSION = 1;
				DEVELOPMENT_TEAM = 86F8CY62G9;
				GENERATE_INFOPLIST_FILE = YES;
				IPHONEOS_DEPLOYMENT_TARGET = 16.2;
				MARKETING_VERSION = 1.0;
				PRODUCT_BUNDLE_IDENTIFIER = "com.Keep-NoteTests";
				PRODUCT_NAME = "$(TARGET_NAME)";
				SWIFT_EMIT_LOC_STRINGS = NO;
				SWIFT_VERSION = 5.0;
				TARGETED_DEVICE_FAMILY = "1,2";
				TEST_HOST = "$(BUILT_PRODUCTS_DIR)/Keep Note.app/$(BUNDLE_EXECUTABLE_FOLDER_PATH)/Keep Note";
			};
			name = Debug;
		};
		D5A5AC4B29F2A43300C78697 /* Release */ = {
			isa = XCBuildConfiguration;
			buildSettings = {
				ALWAYS_EMBED_SWIFT_STANDARD_LIBRARIES = YES;
				BUNDLE_LOADER = "$(TEST_HOST)";
				CODE_SIGN_STYLE = Automatic;
				CURRENT_PROJECT_VERSION = 1;
				DEVELOPMENT_TEAM = 86F8CY62G9;
				GENERATE_INFOPLIST_FILE = YES;
				IPHONEOS_DEPLOYMENT_TARGET = 16.2;
				MARKETING_VERSION = 1.0;
				PRODUCT_BUNDLE_IDENTIFIER = "com.Keep-NoteTests";
				PRODUCT_NAME = "$(TARGET_NAME)";
				SWIFT_EMIT_LOC_STRINGS = NO;
				SWIFT_VERSION = 5.0;
				TARGETED_DEVICE_FAMILY = "1,2";
				TEST_HOST = "$(BUILT_PRODUCTS_DIR)/Keep Note.app/$(BUNDLE_EXECUTABLE_FOLDER_PATH)/Keep Note";
			};
			name = Release;
		};
		D5A5AC4D29F2A43300C78697 /* Debug */ = {
			isa = XCBuildConfiguration;
			buildSettings = {
				ALWAYS_EMBED_SWIFT_STANDARD_LIBRARIES = YES;
				CODE_SIGN_STYLE = Automatic;
				CURRENT_PROJECT_VERSION = 1;
				DEVELOPMENT_TEAM = 86F8CY62G9;
				GENERATE_INFOPLIST_FILE = YES;
				MARKETING_VERSION = 1.0;
				PRODUCT_BUNDLE_IDENTIFIER = "com.Keep-NoteUITests";
				PRODUCT_NAME = "$(TARGET_NAME)";
				SWIFT_EMIT_LOC_STRINGS = NO;
				SWIFT_VERSION = 5.0;
				TARGETED_DEVICE_FAMILY = "1,2";
				TEST_TARGET_NAME = "Keep Note";
			};
			name = Debug;
		};
		D5A5AC4E29F2A43300C78697 /* Release */ = {
			isa = XCBuildConfiguration;
			buildSettings = {
				ALWAYS_EMBED_SWIFT_STANDARD_LIBRARIES = YES;
				CODE_SIGN_STYLE = Automatic;
				CURRENT_PROJECT_VERSION = 1;
				DEVELOPMENT_TEAM = 86F8CY62G9;
				GENERATE_INFOPLIST_FILE = YES;
				MARKETING_VERSION = 1.0;
				PRODUCT_BUNDLE_IDENTIFIER = "com.Keep-NoteUITests";
				PRODUCT_NAME = "$(TARGET_NAME)";
				SWIFT_EMIT_LOC_STRINGS = NO;
				SWIFT_VERSION = 5.0;
				TARGETED_DEVICE_FAMILY = "1,2";
				TEST_TARGET_NAME = "Keep Note";
			};
			name = Release;
		};
/* End XCBuildConfiguration section */

/* Begin XCConfigurationList section */
		D5A5AC1729F2A42F00C78697 /* Build configuration list for PBXProject "Keep Note" */ = {
			isa = XCConfigurationList;
			buildConfigurations = (
				D5A5AC4429F2A43300C78697 /* Debug */,
				D5A5AC4529F2A43300C78697 /* Release */,
			);
			defaultConfigurationIsVisible = 0;
			defaultConfigurationName = Release;
		};
		D5A5AC4629F2A43300C78697 /* Build configuration list for PBXNativeTarget "Keep Note" */ = {
			isa = XCConfigurationList;
			buildConfigurations = (
				D5A5AC4729F2A43300C78697 /* Debug */,
				D5A5AC4829F2A43300C78697 /* Release */,
			);
			defaultConfigurationIsVisible = 0;
			defaultConfigurationName = Release;
		};
		D5A5AC4929F2A43300C78697 /* Build configuration list for PBXNativeTarget "Keep NoteTests" */ = {
			isa = XCConfigurationList;
			buildConfigurations = (
				D5A5AC4A29F2A43300C78697 /* Debug */,
				D5A5AC4B29F2A43300C78697 /* Release */,
			);
			defaultConfigurationIsVisible = 0;
			defaultConfigurationName = Release;
		};
		D5A5AC4C29F2A43300C78697 /* Build configuration list for PBXNativeTarget "Keep NoteUITests" */ = {
			isa = XCConfigurationList;
			buildConfigurations = (
				D5A5AC4D29F2A43300C78697 /* Debug */,
				D5A5AC4E29F2A43300C78697 /* Release */,
			);
			defaultConfigurationIsVisible = 0;
			defaultConfigurationName = Release;
		};
/* End XCConfigurationList section */

/* Begin XCVersionGroup section */
		D5A5AC2A29F2A43200C78697 /* Keep_Note.xcdatamodeld */ = {
			isa = XCVersionGroup;
			children = (
				D5A5AC2B29F2A43200C78697 /* Keep_Note.xcdatamodel */,
			);
			currentVersion = D5A5AC2B29F2A43200C78697 /* Keep_Note.xcdatamodel */;
			path = Keep_Note.xcdatamodeld;
			sourceTree = "<group>";
			versionGroupType = wrapper.xcdatamodel;
		};
/* End XCVersionGroup section */
	};
	rootObject = D5A5AC1429F2A42F00C78697 /* Project object */;
}
